
Microsoft Visual Studio Solution File, Format Version 12.00
# Visual Studio Version 17
VisualStudioVersion = 17.6.33717.318
MinimumVisualStudioVersion = 10.0.40219.1
Project("{8BC9CEB8-8B4A-11D0-8D11-00A0C91BC942}") = "ProjectTetris", "ProjectTetris\ProjectTetris.vcxproj", "{8159CF19-C91D-410E-BB69-DB53DD761FD0}"
EndProject
Global
	GlobalSection(SolutionConfigurationPlatforms) = preSolution
		Debug|x64 = Debug|x64
		Debug|x86 = Debug|x86
		Release|x64 = Release|x64
		Release|x86 = Release|x86
	EndGlobalSection
	GlobalSection(ProjectConfigurationPlatforms) = postSolution
		{8159CF19-C91D-410E-BB69-DB53DD761FD0}.Debug|x64.ActiveCfg = Debug|x64
		{8159CF19-C91D-410E-BB69-DB53DD761FD0}.Debug|x64.Build.0 = Debug|x64
		{8159CF19-C91D-410E-BB69-DB53DD761FD0}.Debug|x86.ActiveCfg = Debug|Win32
		{8159CF19-C91D-410E-BB69-DB53DD761FD0}.Debug|x86.Build.0 = Debug|Win32
		{8159CF19-C91D-410E-BB69-DB53DD761FD0}.Release|x64.ActiveCfg = Release|x64
		{8159CF19-C91D-410E-BB69-DB53DD761FD0}.Release|x64.Build.0 = Release|x64
		{8159CF19-C91D-410E-BB69-DB53DD761FD0}.Release|x86.ActiveCfg = Release|Win32
		{8159CF19-C91D-410E-BB69-DB53DD761FD0}.Release|x86.Build.0 = Release|Win32
	EndGlobalSection
	GlobalSection(SolutionProperties) = preSolution
		HideSolutionNode = FALSE
	EndGlobalSection
	GlobalSection(ExtensibilityGlobals) = postSolution
		SolutionGuid = {F4214522-7A97-4268-A2A2-AD3316F82783}
	EndGlobalSection
EndGlobal
